// !$*UTF8*$!
{
	archiveVersion = 1;
	classes = {
	};
	objectVersion = 55;
	objects = {

/* Begin PBXBuildFile section */
		11250B46283CA8FD006F7D90 /* AppDelegate.swift in Sources */ = {isa = PBXBuildFile; fileRef = 11250B45283CA8FD006F7D90 /* AppDelegate.swift */; };
		11250B48283CA8FD006F7D90 /* SceneDelegate.swift in Sources */ = {isa = PBXBuildFile; fileRef = 11250B47283CA8FD006F7D90 /* SceneDelegate.swift */; };
		11250B4A283CA8FD006F7D90 /* ViewController.swift in Sources */ = {isa = PBXBuildFile; fileRef = 11250B49283CA8FD006F7D90 /* ViewController.swift */; };
		11250B4D283CA8FD006F7D90 /* Main.storyboard in Resources */ = {isa = PBXBuildFile; fileRef = 11250B4B283CA8FD006F7D90 /* Main.storyboard */; };
		11250B4F283CA8FD006F7D90 /* Assets.xcassets in Resources */ = {isa = PBXBuildFile; fileRef = 11250B4E283CA8FD006F7D90 /* Assets.xcassets */; };
		11250B52283CA8FD006F7D90 /* LaunchScreen.storyboard in Resources */ = {isa = PBXBuildFile; fileRef = 11250B50283CA8FD006F7D90 /* LaunchScreen.storyboard */; };
		11250B5D283CA8FE006F7D90 /* TRY_IOSTests.swift in Sources */ = {isa = PBXBuildFile; fileRef = 11250B5C283CA8FE006F7D90 /* TRY_IOSTests.swift */; };
		11250B67283CA8FE006F7D90 /* TRY_IOSUITests.swift in Sources */ = {isa = PBXBuildFile; fileRef = 11250B66283CA8FE006F7D90 /* TRY_IOSUITests.swift */; };
		11250B69283CA8FE006F7D90 /* TRY_IOSUITestsLaunchTests.swift in Sources */ = {isa = PBXBuildFile; fileRef = 11250B68283CA8FE006F7D90 /* TRY_IOSUITestsLaunchTests.swift */; };
/* End PBXBuildFile section */

/* Begin PBXContainerItemProxy section */
		11250B59283CA8FE006F7D90 /* PBXContainerItemProxy */ = {
			isa = PBXContainerItemProxy;
			containerPortal = 11250B3A283CA8FD006F7D90 /* Project object */;
			proxyType = 1;
			remoteGlobalIDString = 11250B41283CA8FD006F7D90;
			remoteInfo = TRY_IOS;
		};
		11250B63283CA8FE006F7D90 /* PBXContainerItemProxy */ = {
			isa = PBXContainerItemProxy;
			containerPortal = 11250B3A283CA8FD006F7D90 /* Project object */;
			proxyType = 1;
			remoteGlobalIDString = 11250B41283CA8FD006F7D90;
			remoteInfo = TRY_IOS;
		};
/* End PBXContainerItemProxy section */

/* Begin PBXFileReference section */
		11250B42283CA8FD006F7D90 /* TRY_IOS.app */ = {isa = PBXFileReference; explicitFileType = wrapper.application; includeInIndex = 0; path = TRY_IOS.app; sourceTree = BUILT_PRODUCTS_DIR; };
		11250B45283CA8FD006F7D90 /* AppDelegate.swift */ = {isa = PBXFileReference; lastKnownFileType = sourcecode.swift; path = AppDelegate.swift; sourceTree = "<group>"; };
		11250B47283CA8FD006F7D90 /* SceneDelegate.swift */ = {isa = PBXFileReference; lastKnownFileType = sourcecode.swift; path = SceneDelegate.swift; sourceTree = "<group>"; };
		11250B49283CA8FD006F7D90 /* ViewController.swift */ = {isa = PBXFileReference; lastKnownFileType = sourcecode.swift; path = ViewController.swift; sourceTree = "<group>"; };
		11250B4C283CA8FD006F7D90 /* Base */ = {isa = PBXFileReference; lastKnownFileType = file.storyboard; name = Base; path = Base.lproj/Main.storyboard; sourceTree = "<group>"; };
		11250B4E283CA8FD006F7D90 /* Assets.xcassets */ = {isa = PBXFileReference; lastKnownFileType = folder.assetcatalog; path = Assets.xcassets; sourceTree = "<group>"; };
		11250B51283CA8FD006F7D90 /* Base */ = {isa = PBXFileReference; lastKnownFileType = file.storyboard; name = Base; path = Base.lproj/LaunchScreen.storyboard; sourceTree = "<group>"; };
		11250B53283CA8FD006F7D90 /* Info.plist */ = {isa = PBXFileReference; lastKnownFileType = text.plist.xml; path = Info.plist; sourceTree = "<group>"; };
		11250B58283CA8FE006F7D90 /* TRY_IOSTests.xctest */ = {isa = PBXFileReference; explicitFileType = wrapper.cfbundle; includeInIndex = 0; path = TRY_IOSTests.xctest; sourceTree = BUILT_PRODUCTS_DIR; };
		11250B5C283CA8FE006F7D90 /* TRY_IOSTests.swift */ = {isa = PBXFileReference; lastKnownFileType = sourcecode.swift; path = TRY_IOSTests.swift; sourceTree = "<group>"; };
		11250B62283CA8FE006F7D90 /* TRY_IOSUITests.xctest */ = {isa = PBXFileReference; explicitFileType = wrapper.cfbundle; includeInIndex = 0; path = TRY_IOSUITests.xctest; sourceTree = BUILT_PRODUCTS_DIR; };
		11250B66283CA8FE006F7D90 /* TRY_IOSUITests.swift */ = {isa = PBXFileReference; lastKnownFileType = sourcecode.swift; path = TRY_IOSUITests.swift; sourceTree = "<group>"; };
		11250B68283CA8FE006F7D90 /* TRY_IOSUITestsLaunchTests.swift */ = {isa = PBXFileReference; lastKnownFileType = sourcecode.swift; path = TRY_IOSUITestsLaunchTests.swift; sourceTree = "<group>"; };
/* End PBXFileReference section */

/* Begin PBXFrameworksBuildPhase section */
		11250B3F283CA8FD006F7D90 /* Frameworks */ = {
			isa = PBXFrameworksBuildPhase;
			buildActionMask = 2147483647;
			files = (
			);
			runOnlyForDeploymentPostprocessing = 0;
		};
		11250B55283CA8FE006F7D90 /* Frameworks */ = {
			isa = PBXFrameworksBuildPhase;
			buildActionMask = 2147483647;
			files = (
			);
			runOnlyForDeploymentPostprocessing = 0;
		};
		11250B5F283CA8FE006F7D90 /* Frameworks */ = {
			isa = PBXFrameworksBuildPhase;
			buildActionMask = 2147483647;
			files = (
			);
			runOnlyForDeploymentPostprocessing = 0;
		};
/* End PBXFrameworksBuildPhase section */

/* Begin PBXGroup section */
		11250B39283CA8FD006F7D90 = {
			isa = PBXGroup;
			children = (
				11250B44283CA8FD006F7D90 /* TRY_IOS */,
				11250B5B283CA8FE006F7D90 /* TRY_IOSTests */,
				11250B65283CA8FE006F7D90 /* TRY_IOSUITests */,
				11250B43283CA8FD006F7D90 /* Products */,
			);
			sourceTree = "<group>";
		};
		11250B43283CA8FD006F7D90 /* Products */ = {
			isa = PBXGroup;
			children = (
				11250B42283CA8FD006F7D90 /* TRY_IOS.app */,
				11250B58283CA8FE006F7D90 /* TRY_IOSTests.xctest */,
				11250B62283CA8FE006F7D90 /* TRY_IOSUITests.xctest */,
			);
			name = Products;
			sourceTree = "<group>";
		};
		11250B44283CA8FD006F7D90 /* TRY_IOS */ = {
			isa = PBXGroup;
			children = (
				11250B45283CA8FD006F7D90 /* AppDelegate.swift */,
				11250B47283CA8FD006F7D90 /* SceneDelegate.swift */,
				11250B49283CA8FD006F7D90 /* ViewController.swift */,
				11250B4B283CA8FD006F7D90 /* Main.storyboard */,
				11250B4E283CA8FD006F7D90 /* Assets.xcassets */,
				11250B50283CA8FD006F7D90 /* LaunchScreen.storyboard */,
				11250B53283CA8FD006F7D90 /* Info.plist */,
			);
			path = TRY_IOS;
			sourceTree = "<group>";
		};
		11250B5B283CA8FE006F7D90 /* TRY_IOSTests */ = {
			isa = PBXGroup;
			children = (
				11250B5C283CA8FE006F7D90 /* TRY_IOSTests.swift */,
			);
			path = TRY_IOSTests;
			sourceTree = "<group>";
		};
		11250B65283CA8FE006F7D90 /* TRY_IOSUITests */ = {
			isa = PBXGroup;
			children = (
				11250B66283CA8FE006F7D90 /* TRY_IOSUITests.swift */,
				11250B68283CA8FE006F7D90 /* TRY_IOSUITestsLaunchTests.swift */,
			);
			path = TRY_IOSUITests;
			sourceTree = "<group>";
		};
/* End PBXGroup section */

/* Begin PBXNativeTarget section */
		11250B41283CA8FD006F7D90 /* TRY_IOS */ = {
			isa = PBXNativeTarget;
			buildConfigurationList = 11250B6C283CA8FE006F7D90 /* Build configuration list for PBXNativeTarget "TRY_IOS" */;
			buildPhases = (
				11250B3E283CA8FD006F7D90 /* Sources */,
				11250B3F283CA8FD006F7D90 /* Frameworks */,
				11250B40283CA8FD006F7D90 /* Resources */,
			);
			buildRules = (
			);
			dependencies = (
			);
			name = TRY_IOS;
			productName = TRY_IOS;
			productReference = 11250B42283CA8FD006F7D90 /* TRY_IOS.app */;
			productType = "com.apple.product-type.application";
		};
		11250B57283CA8FE006F7D90 /* TRY_IOSTests */ = {
			isa = PBXNativeTarget;
			buildConfigurationList = 11250B6F283CA8FE006F7D90 /* Build configuration list for PBXNativeTarget "TRY_IOSTests" */;
			buildPhases = (
				11250B54283CA8FE006F7D90 /* Sources */,
				11250B55283CA8FE006F7D90 /* Frameworks */,
				11250B56283CA8FE006F7D90 /* Resources */,
			);
			buildRules = (
			);
			dependencies = (
				11250B5A283CA8FE006F7D90 /* PBXTargetDependency */,
			);
			name = TRY_IOSTests;
			productName = TRY_IOSTests;
			productReference = 11250B58283CA8FE006F7D90 /* TRY_IOSTests.xctest */;
			productType = "com.apple.product-type.bundle.unit-test";
		};
		11250B61283CA8FE006F7D90 /* TRY_IOSUITests */ = {
			isa = PBXNativeTarget;
			buildConfigurationList = 11250B72283CA8FE006F7D90 /* Build configuration list for PBXNativeTarget "TRY_IOSUITests" */;
			buildPhases = (
				11250B5E283CA8FE006F7D90 /* Sources */,
				11250B5F283CA8FE006F7D90 /* Frameworks */,
				11250B60283CA8FE006F7D90 /* Resources */,
			);
			buildRules = (
			);
			dependencies = (
				11250B64283CA8FE006F7D90 /* PBXTargetDependency */,
			);
			name = TRY_IOSUITests;
			productName = TRY_IOSUITests;
			productReference = 11250B62283CA8FE006F7D90 /* TRY_IOSUITests.xctest */;
			productType = "com.apple.product-type.bundle.ui-testing";
		};
/* End PBXNativeTarget section */

/* Begin PBXProject section */
		11250B3A283CA8FD006F7D90 /* Project object */ = {
			isa = PBXProject;
			attributes = {
				BuildIndependentTargetsInParallel = 1;
				LastSwiftUpdateCheck = 1320;
				LastUpgradeCheck = 1320;
				TargetAttributes = {
					11250B41283CA8FD006F7D90 = {
						CreatedOnToolsVersion = 13.2.1;
					};
					11250B57283CA8FE006F7D90 = {
						CreatedOnToolsVersion = 13.2.1;
						TestTargetID = 11250B41283CA8FD006F7D90;
					};
					11250B61283CA8FE006F7D90 = {
						CreatedOnToolsVersion = 13.2.1;
						TestTargetID = 11250B41283CA8FD006F7D90;
					};
				};
			};
			buildConfigurationList = 11250B3D283CA8FD006F7D90 /* Build configuration list for PBXProject "TRY_IOS" */;
			compatibilityVersion = "Xcode 13.0";
			developmentRegion = en;
			hasScannedForEncodings = 0;
			knownRegions = (
				en,
				Base,
			);
			mainGroup = 11250B39283CA8FD006F7D90;
			productRefGroup = 11250B43283CA8FD006F7D90 /* Products */;
			projectDirPath = "";
			projectRoot = "";
			targets = (
				11250B41283CA8FD006F7D90 /* TRY_IOS */,
				11250B57283CA8FE006F7D90 /* TRY_IOSTests */,
				11250B61283CA8FE006F7D90 /* TRY_IOSUITests */,
			);
		};
/* End PBXProject section */

/* Begin PBXResourcesBuildPhase section */
		11250B40283CA8FD006F7D90 /* Resources */ = {
			isa = PBXResourcesBuildPhase;
			buildActionMask = 2147483647;
			files = (
				11250B52283CA8FD006F7D90 /* LaunchScreen.storyboard in Resources */,
				11250B4F283CA8FD006F7D90 /* Assets.xcassets in Resources */,
				11250B4D283CA8FD006F7D90 /* Main.storyboard in Resources */,
			);
			runOnlyForDeploymentPostprocessing = 0;
		};
		11250B56283CA8FE006F7D90 /* Resources */ = {
			isa = PBXResourcesBuildPhase;
			buildActionMask = 2147483647;
			files = (
			);
			runOnlyForDeploymentPostprocessing = 0;
		};
		11250B60283CA8FE006F7D90 /* Resources */ = {
			isa = PBXResourcesBuildPhase;
			buildActionMask = 2147483647;
			files = (
			);
			runOnlyForDeploymentPostprocessing = 0;
		};
/* End PBXResourcesBuildPhase section */

/* Begin PBXSourcesBuildPhase section */
		11250B3E283CA8FD006F7D90 /* Sources */ = {
			isa = PBXSourcesBuildPhase;
			buildActionMask = 2147483647;
			files = (
				11250B4A283CA8FD006F7D90 /* ViewController.swift in Sources */,
				11250B46283CA8FD006F7D90 /* AppDelegate.swift in Sources */,
				11250B48283CA8FD006F7D90 /* SceneDelegate.swift in Sources */,
			);
			runOnlyForDeploymentPostprocessing = 0;
		};
		11250B54283CA8FE006F7D90 /* Sources */ = {
			isa = PBXSourcesBuildPhase;
			buildActionMask = 2147483647;
			files = (
				11250B5D283CA8FE006F7D90 /* TRY_IOSTests.swift in Sources */,
			);
			runOnlyForDeploymentPostprocessing = 0;
		};
		11250B5E283CA8FE006F7D90 /* Sources */ = {
			isa = PBXSourcesBuildPhase;
			buildActionMask = 2147483647;
			files = (
				11250B69283CA8FE006F7D90 /* TRY_IOSUITestsLaunchTests.swift in Sources */,
				11250B67283CA8FE006F7D90 /* TRY_IOSUITests.swift in Sources */,
			);
			runOnlyForDeploymentPostprocessing = 0;
		};
/* End PBXSourcesBuildPhase section */

/* Begin PBXTargetDependency section */
		11250B5A283CA8FE006F7D90 /* PBXTargetDependency */ = {
			isa = PBXTargetDependency;
			target = 11250B41283CA8FD006F7D90 /* TRY_IOS */;
			targetProxy = 11250B59283CA8FE006F7D90 /* PBXContainerItemProxy */;
		};
		11250B64283CA8FE006F7D90 /* PBXTargetDependency */ = {
			isa = PBXTargetDependency;
			target = 11250B41283CA8FD006F7D90 /* TRY_IOS */;
			targetProxy = 11250B63283CA8FE006F7D90 /* PBXContainerItemProxy */;
		};
/* End PBXTargetDependency section */

/* Begin PBXVariantGroup section */
		11250B4B283CA8FD006F7D90 /* Main.storyboard */ = {
			isa = PBXVariantGroup;
			children = (
				11250B4C283CA8FD006F7D90 /* Base */,
			);
			name = Main.storyboard;
			sourceTree = "<group>";
		};
		11250B50283CA8FD006F7D90 /* LaunchScreen.storyboard */ = {
			isa = PBXVariantGroup;
			children = (
				11250B51283CA8FD006F7D90 /* Base */,
			);
			name = LaunchScreen.storyboard;
			sourceTree = "<group>";
		};
/* End PBXVariantGroup section */

/* Begin XCBuildConfiguration section */
		11250B6A283CA8FE006F7D90 /* Debug */ = {
			isa = XCBuildConfiguration;
			buildSettings = {
				ALWAYS_SEARCH_USER_PATHS = NO;
				CLANG_ANALYZER_NONNULL = YES;
				CLANG_ANALYZER_NUMBER_OBJECT_CONVERSION = YES_AGGRESSIVE;
				CLANG_CXX_LANGUAGE_STANDARD = "gnu++17";
				CLANG_CXX_LIBRARY = "libc++";
				CLANG_ENABLE_MODULES = YES;
				CLANG_ENABLE_OBJC_ARC = YES;
				CLANG_ENABLE_OBJC_WEAK = YES;
				CLANG_WARN_BLOCK_CAPTURE_AUTORELEASING = YES;
				CLANG_WARN_BOOL_CONVERSION = YES;
				CLANG_WARN_COMMA = YES;
				CLANG_WARN_CONSTANT_CONVERSION = YES;
				CLANG_WARN_DEPRECATED_OBJC_IMPLEMENTATIONS = YES;
				CLANG_WARN_DIRECT_OBJC_ISA_USAGE = YES_ERROR;
				CLANG_WARN_DOCUMENTATION_COMMENTS = YES;
				CLANG_WARN_EMPTY_BODY = YES;
				CLANG_WARN_ENUM_CONVERSION = YES;
				CLANG_WARN_INFINITE_RECURSION = YES;
				CLANG_WARN_INT_CONVERSION = YES;
				CLANG_WARN_NON_LITERAL_NULL_CONVERSION = YES;
				CLANG_WARN_OBJC_IMPLICIT_RETAIN_SELF = YES;
				CLANG_WARN_OBJC_LITERAL_CONVERSION = YES;
				CLANG_WARN_OBJC_ROOT_CLASS = YES_ERROR;
				CLANG_WARN_QUOTED_INCLUDE_IN_FRAMEWORK_HEADER = YES;
				CLANG_WARN_RANGE_LOOP_ANALYSIS = YES;
				CLANG_WARN_STRICT_PROTOTYPES = YES;
				CLANG_WARN_SUSPICIOUS_MOVE = YES;
				CLANG_WARN_UNGUARDED_AVAILABILITY = YES_AGGRESSIVE;
				CLANG_WARN_UNREACHABLE_CODE = YES;
				CLANG_WARN__DUPLICATE_METHOD_MATCH = YES;
				COPY_PHASE_STRIP = NO;
				DEBUG_INFORMATION_FORMAT = dwarf;
				ENABLE_STRICT_OBJC_MSGSEND = YES;
				ENABLE_TESTABILITY = YES;
				GCC_C_LANGUAGE_STANDARD = gnu11;
				GCC_DYNAMIC_NO_PIC = NO;
				GCC_NO_COMMON_BLOCKS = YES;
				GCC_OPTIMIZATION_LEVEL = 0;
				GCC_PREPROCESSOR_DEFINITIONS = (
					"DEBUG=1",
					"$(inherited)",
				);
				GCC_WARN_64_TO_32_BIT_CONVERSION = YES;
				GCC_WARN_ABOUT_RETURN_TYPE = YES_ERROR;
				GCC_WARN_UNDECLARED_SELECTOR = YES;
				GCC_WARN_UNINITIALIZED_AUTOS = YES_AGGRESSIVE;
				GCC_WARN_UNUSED_FUNCTION = YES;
				GCC_WARN_UNUSED_VARIABLE = YES;
				IPHONEOS_DEPLOYMENT_TARGET = 15.2;
				MTL_ENABLE_DEBUG_INFO = INCLUDE_SOURCE;
				MTL_FAST_MATH = YES;
				ONLY_ACTIVE_ARCH = YES;
				SDKROOT = iphoneos;
				SWIFT_ACTIVE_COMPILATION_CONDITIONS = DEBUG;
				SWIFT_OPTIMIZATION_LEVEL = "-Onone";
			};
			name = Debug;
		};
		11250B6B283CA8FE006F7D90 /* Release */ = {
			isa = XCBuildConfiguration;
			buildSettings = {
				ALWAYS_SEARCH_USER_PATHS = NO;
				CLANG_ANALYZER_NONNULL = YES;
				CLANG_ANALYZER_NUMBER_OBJECT_CONVERSION = YES_AGGRESSIVE;
				CLANG_CXX_LANGUAGE_STANDARD = "gnu++17";
				CLANG_CXX_LIBRARY = "libc++";
				CLANG_ENABLE_MODULES = YES;
				CLANG_ENABLE_OBJC_ARC = YES;
				CLANG_ENABLE_OBJC_WEAK = YES;
				CLANG_WARN_BLOCK_CAPTURE_AUTORELEASING = YES;
				CLANG_WARN_BOOL_CONVERSION = YES;
				CLANG_WARN_COMMA = YES;
				CLANG_WARN_CONSTANT_CONVERSION = YES;
				CLANG_WARN_DEPRECATED_OBJC_IMPLEMENTATIONS = YES;
				CLANG_WARN_DIRECT_OBJC_ISA_USAGE = YES_ERROR;
				CLANG_WARN_DOCUMENTATION_COMMENTS = YES;
				CLANG_WARN_EMPTY_BODY = YES;
				CLANG_WARN_ENUM_CONVERSION = YES;
				CLANG_WARN_INFINITE_RECURSION = YES;
				CLANG_WARN_INT_CONVERSION = YES;
				CLANG_WARN_NON_LITERAL_NULL_CONVERSION = YES;
				CLANG_WARN_OBJC_IMPLICIT_RETAIN_SELF = YES;
				CLANG_WARN_OBJC_LITERAL_CONVERSION = YES;
				CLANG_WARN_OBJC_ROOT_CLASS = YES_ERROR;
				CLANG_WARN_QUOTED_INCLUDE_IN_FRAMEWORK_HEADER = YES;
				CLANG_WARN_RANGE_LOOP_ANALYSIS = YES;
				CLANG_WARN_STRICT_PROTOTYPES = YES;
				CLANG_WARN_SUSPICIOUS_MOVE = YES;
				CLANG_WARN_UNGUARDED_AVAILABILITY = YES_AGGRESSIVE;
				CLANG_WARN_UNREACHABLE_CODE = YES;
				CLANG_WARN__DUPLICATE_METHOD_MATCH = YES;
				COPY_PHASE_STRIP = NO;
				DEBUG_INFORMATION_FORMAT = "dwarf-with-dsym";
				ENABLE_NS_ASSERTIONS = NO;
				ENABLE_STRICT_OBJC_MSGSEND = YES;
				GCC_C_LANGUAGE_STANDARD = gnu11;
				GCC_NO_COMMON_BLOCKS = YES;
				GCC_WARN_64_TO_32_BIT_CONVERSION = YES;
				GCC_WARN_ABOUT_RETURN_TYPE = YES_ERROR;
				GCC_WARN_UNDECLARED_SELECTOR = YES;
				GCC_WARN_UNINITIALIZED_AUTOS = YES_AGGRESSIVE;
				GCC_WARN_UNUSED_FUNCTION = YES;
				GCC_WARN_UNUSED_VARIABLE = YES;
				IPHONEOS_DEPLOYMENT_TARGET = 15.2;
				MTL_ENABLE_DEBUG_INFO = NO;
				MTL_FAST_MATH = YES;
				SDKROOT = iphoneos;
				SWIFT_COMPILATION_MODE = wholemodule;
				SWIFT_OPTIMIZATION_LEVEL = "-O";
				VALIDATE_PRODUCT = YES;
			};
			name = Release;
		};
		11250B6D283CA8FE006F7D90 /* Debug */ = {
			isa = XCBuildConfiguration;
			buildSettings = {
				ASSETCATALOG_COMPILER_APPICON_NAME = AppIcon;
				ASSETCATALOG_COMPILER_GLOBAL_ACCENT_COLOR_NAME = AccentColor;
				CODE_SIGN_STYLE = Automatic;
				CURRENT_PROJECT_VERSION = 1;
				DEVELOPMENT_TEAM = 3YRD7VYC6Z;
				GENERATE_INFOPLIST_FILE = YES;
				INFOPLIST_FILE = TRY_IOS/Info.plist;
				INFOPLIST_KEY_UIApplicationSupportsIndirectInputEvents = YES;
				INFOPLIST_KEY_UILaunchStoryboardName = LaunchScreen;
				INFOPLIST_KEY_UIMainStoryboardFile = Main;
				INFOPLIST_KEY_UISupportedInterfaceOrientations_iPad = "UIInterfaceOrientationPortrait UIInterfaceOrientationPortraitUpsideDown UIInterfaceOrientationLandscapeLeft UIInterfaceOrientationLandscapeRight";
				INFOPLIST_KEY_UISupportedInterfaceOrientations_iPhone = "UIInterfaceOrientationPortrait UIInterfaceOrientationLandscapeLeft UIInterfaceOrientationLandscapeRight";
				LD_RUNPATH_SEARCH_PATHS = (
					"$(inherited)",
					"@executable_path/Frameworks",
				);
				MARKETING_VERSION = 1.0;
				PRODUCT_BUNDLE_IDENTIFIER = "yjk.com.TRY-IOS";
				PRODUCT_NAME = "$(TARGET_NAME)";
				SWIFT_EMIT_LOC_STRINGS = YES;
				SWIFT_VERSION = 5.0;
				TARGETED_DEVICE_FAMILY = "1,2";
			};
			name = Debug;
		};
		11250B6E283CA8FE006F7D90 /* Release */ = {
			isa = XCBuildConfiguration;
			buildSettings = {
				ASSETCATALOG_COMPILER_APPICON_NAME = AppIcon;
				ASSETCATALOG_COMPILER_GLOBAL_ACCENT_COLOR_NAME = AccentColor;
				CODE_SIGN_STYLE = Automatic;
				CURRENT_PROJECT_VERSION = 1;
				DEVELOPMENT_TEAM = 3YRD7VYC6Z;
				GENERATE_INFOPLIST_FILE = YES;
				INFOPLIST_FILE = TRY_IOS/Info.plist;
				INFOPLIST_KEY_UIApplicationSupportsIndirectInputEvents = YES;
				INFOPLIST_KEY_UILaunchStoryboardName = LaunchScreen;
				INFOPLIST_KEY_UIMainStoryboardFile = Main;
				INFOPLIST_KEY_UISupportedInterfaceOrientations_iPad = "UIInterfaceOrientationPortrait UIInterfaceOrientationPortraitUpsideDown UIInterfaceOrientationLandscapeLeft UIInterfaceOrientationLandscapeRight";
				INFOPLIST_KEY_UISupportedInterfaceOrientations_iPhone = "UIInterfaceOrientationPortrait UIInterfaceOrientationLandscapeLeft UIInterfaceOrientationLandscapeRight";
				LD_RUNPATH_SEARCH_PATHS = (
					"$(inherited)",
					"@executable_path/Frameworks",
				);
				MARKETING_VERSION = 1.0;
				PRODUCT_BUNDLE_IDENTIFIER = "yjk.com.TRY-IOS";
				PRODUCT_NAME = "$(TARGET_NAME)";
				SWIFT_EMIT_LOC_STRINGS = YES;
				SWIFT_VERSION = 5.0;
				TARGETED_DEVICE_FAMILY = "1,2";
			};
			name = Release;
		};
		11250B70283CA8FE006F7D90 /* Debug */ = {
			isa = XCBuildConfiguration;
			buildSettings = {
				ALWAYS_EMBED_SWIFT_STANDARD_LIBRARIES = YES;
				BUNDLE_LOADER = "$(TEST_HOST)";
				CODE_SIGN_STYLE = Automatic;
				CURRENT_PROJECT_VERSION = 1;
				DEVELOPMENT_TEAM = 3YRD7VYC6Z;
				GENERATE_INFOPLIST_FILE = YES;
				IPHONEOS_DEPLOYMENT_TARGET = 15.2;
				MARKETING_VERSION = 1.0;
				PRODUCT_BUNDLE_IDENTIFIER = "yjk.com.TRY-IOSTests";
				PRODUCT_NAME = "$(TARGET_NAME)";
				SWIFT_EMIT_LOC_STRINGS = NO;
				SWIFT_VERSION = 5.0;
				TARGETED_DEVICE_FAMILY = "1,2";
				TEST_HOST = "$(BUILT_PRODUCTS_DIR)/TRY_IOS.app/TRY_IOS";
			};
			name = Debug;
		};
		11250B71283CA8FE006F7D90 /* Release */ = {
			isa = XCBuildConfiguration;
			buildSettings = {
				ALWAYS_EMBED_SWIFT_STANDARD_LIBRARIES = YES;
				BUNDLE_LOADER = "$(TEST_HOST)";
				CODE_SIGN_STYLE = Automatic;
				CURRENT_PROJECT_VERSION = 1;
				DEVELOPMENT_TEAM = 3YRD7VYC6Z;
				GENERATE_INFOPLIST_FILE = YES;
				IPHONEOS_DEPLOYMENT_TARGET = 15.2;
				MARKETING_VERSION = 1.0;
				PRODUCT_BUNDLE_IDENTIFIER = "yjk.com.TRY-IOSTests";
				PRODUCT_NAME = "$(TARGET_NAME)";
				SWIFT_EMIT_LOC_STRINGS = NO;
				SWIFT_VERSION = 5.0;
				TARGETED_DEVICE_FAMILY = "1,2";
				TEST_HOST = "$(BUILT_PRODUCTS_DIR)/TRY_IOS.app/TRY_IOS";
			};
			name = Release;
		};
		11250B73283CA8FE006F7D90 /* Debug */ = {
			isa = XCBuildConfiguration;
			buildSettings = {
				ALWAYS_EMBED_SWIFT_STANDARD_LIBRARIES = YES;
				CODE_SIGN_STYLE = Automatic;
				CURRENT_PROJECT_VERSION = 1;
				DEVELOPMENT_TEAM = 3YRD7VYC6Z;
				GENERATE_INFOPLIST_FILE = YES;
				MARKETING_VERSION = 1.0;
				PRODUCT_BUNDLE_IDENTIFIER = "yjk.com.TRY-IOSUITests";
				PRODUCT_NAME = "$(TARGET_NAME)";
				SWIFT_EMIT_LOC_STRINGS = NO;
				SWIFT_VERSION = 5.0;
				TARGETED_DEVICE_FAMILY = "1,2";
				TEST_TARGET_NAME = TRY_IOS;
			};
			name = Debug;
		};
		11250B74283CA8FE006F7D90 /* Release */ = {
			isa = XCBuildConfiguration;
			buildSettings = {
				ALWAYS_EMBED_SWIFT_STANDARD_LIBRARIES = YES;
				CODE_SIGN_STYLE = Automatic;
				CURRENT_PROJECT_VERSION = 1;
				DEVELOPMENT_TEAM = 3YRD7VYC6Z;
				GENERATE_INFOPLIST_FILE = YES;
				MARKETING_VERSION = 1.0;
				PRODUCT_BUNDLE_IDENTIFIER = "yjk.com.TRY-IOSUITests";
				PRODUCT_NAME = "$(TARGET_NAME)";
				SWIFT_EMIT_LOC_STRINGS = NO;
				SWIFT_VERSION = 5.0;
				TARGETED_DEVICE_FAMILY = "1,2";
				TEST_TARGET_NAME = TRY_IOS;
			};
			name = Release;
		};
/* End XCBuildConfiguration section */

/* Begin XCConfigurationList section */
		11250B3D283CA8FD006F7D90 /* Build configuration list for PBXProject "TRY_IOS" */ = {
			isa = XCConfigurationList;
			buildConfigurations = (
				11250B6A283CA8FE006F7D90 /* Debug */,
				11250B6B283CA8FE006F7D90 /* Release */,
			);
			defaultConfigurationIsVisible = 0;
			defaultConfigurationName = Release;
		};
		11250B6C283CA8FE006F7D90 /* Build configuration list for PBXNativeTarget "TRY_IOS" */ = {
			isa = XCConfigurationList;
			buildConfigurations = (
				11250B6D283CA8FE006F7D90 /* Debug */,
				11250B6E283CA8FE006F7D90 /* Release */,
			);
			defaultConfigurationIsVisible = 0;
			defaultConfigurationName = Release;
		};
		11250B6F283CA8FE006F7D90 /* Build configuration list for PBXNativeTarget "TRY_IOSTests" */ = {
			isa = XCConfigurationList;
			buildConfigurations = (
				11250B70283CA8FE006F7D90 /* Debug */,
				11250B71283CA8FE006F7D90 /* Release */,
			);
			defaultConfigurationIsVisible = 0;
			defaultConfigurationName = Release;
		};
		11250B72283CA8FE006F7D90 /* Build configuration list for PBXNativeTarget "TRY_IOSUITests" */ = {
			isa = XCConfigurationList;
			buildConfigurations = (
				11250B73283CA8FE006F7D90 /* Debug */,
				11250B74283CA8FE006F7D90 /* Release */,
			);
			defaultConfigurationIsVisible = 0;
			defaultConfigurationName = Release;
		};
/* End XCConfigurationList section */
	};
	rootObject = 11250B3A283CA8FD006F7D90 /* Project object */;
}
